// !$*UTF8*$!
{
	archiveVersion = 1;
	classes = {
	};
	objectVersion = 46;
	objects = {

/* Begin PBXBuildFile section */
		2E7C5B8819B8C96F002B8AAB /* SelectSort.m in Sources */ = {isa = PBXBuildFile; fileRef = 2E7C5B8719B8C96F002B8AAB /* SelectSort.m */; };
		2E9D10D719B757420093D950 /* main.m in Sources */ = {isa = PBXBuildFile; fileRef = 2E9D10D619B757420093D950 /* main.m */; };
		2E9D10DA19B757420093D950 /* AppDelegate.m in Sources */ = {isa = PBXBuildFile; fileRef = 2E9D10D919B757420093D950 /* AppDelegate.m */; };
		2E9D10DD19B757420093D950 /* ViewController.m in Sources */ = {isa = PBXBuildFile; fileRef = 2E9D10DC19B757420093D950 /* ViewController.m */; };
		2E9D10E019B757420093D950 /* Main.storyboard in Resources */ = {isa = PBXBuildFile; fileRef = 2E9D10DE19B757420093D950 /* Main.storyboard */; };
		2E9D10E219B757420093D950 /* Images.xcassets in Resources */ = {isa = PBXBuildFile; fileRef = 2E9D10E119B757420093D950 /* Images.xcassets */; };
		2E9D10EE19B757420093D950 /* SortDemoTests.m in Sources */ = {isa = PBXBuildFile; fileRef = 2E9D10ED19B757420093D950 /* SortDemoTests.m */; };
		2E9D10FC19B7578F0093D950 /* BubbleSort.m in Sources */ = {isa = PBXBuildFile; fileRef = 2E9D10FB19B7578F0093D950 /* BubbleSort.m */; };
		2E9D110019B75A0A0093D950 /* SortBase.m in Sources */ = {isa = PBXBuildFile; fileRef = 2E9D10FF19B75A0A0093D950 /* SortBase.m */; };
		2E9D110319B767D40093D950 /* QuickSort.m in Sources */ = {isa = PBXBuildFile; fileRef = 2E9D110219B767D40093D950 /* QuickSort.m */; };
		46FE39A319B9644900BAE200 /* InsertSort.m in Sources */ = {isa = PBXBuildFile; fileRef = 46FE39A219B9644900BAE200 /* InsertSort.m */; };
/* End PBXBuildFile section */

/* Begin PBXContainerItemProxy section */
		2E9D10E819B757420093D950 /* PBXContainerItemProxy */ = {
			isa = PBXContainerItemProxy;
			containerPortal = 2E9D10C919B757420093D950 /* Project object */;
			proxyType = 1;
			remoteGlobalIDString = 2E9D10D019B757420093D950;
			remoteInfo = SortDemo;
		};
/* End PBXContainerItemProxy section */

/* Begin PBXFileReference section */
		2E7C5B8619B8C96F002B8AAB /* SelectSort.h */ = {isa = PBXFileReference; fileEncoding = 4; lastKnownFileType = sourcecode.c.h; path = SelectSort.h; sourceTree = "<group>"; };
		2E7C5B8719B8C96F002B8AAB /* SelectSort.m */ = {isa = PBXFileReference; fileEncoding = 4; lastKnownFileType = sourcecode.c.objc; path = SelectSort.m; sourceTree = "<group>"; };
		2E9D10D119B757420093D950 /* SortDemo.app */ = {isa = PBXFileReference; explicitFileType = wrapper.application; includeInIndex = 0; path = SortDemo.app; sourceTree = BUILT_PRODUCTS_DIR; };
		2E9D10D519B757420093D950 /* Info.plist */ = {isa = PBXFileReference; lastKnownFileType = text.plist.xml; path = Info.plist; sourceTree = "<group>"; };
		2E9D10D619B757420093D950 /* main.m */ = {isa = PBXFileReference; lastKnownFileType = sourcecode.c.objc; path = main.m; sourceTree = "<group>"; };
		2E9D10D819B757420093D950 /* AppDelegate.h */ = {isa = PBXFileReference; lastKnownFileType = sourcecode.c.h; path = AppDelegate.h; sourceTree = "<group>"; };
		2E9D10D919B757420093D950 /* AppDelegate.m */ = {isa = PBXFileReference; lastKnownFileType = sourcecode.c.objc; path = AppDelegate.m; sourceTree = "<group>"; };
		2E9D10DB19B757420093D950 /* ViewController.h */ = {isa = PBXFileReference; lastKnownFileType = sourcecode.c.h; path = ViewController.h; sourceTree = "<group>"; };
		2E9D10DC19B757420093D950 /* ViewController.m */ = {isa = PBXFileReference; lastKnownFileType = sourcecode.c.objc; path = ViewController.m; sourceTree = "<group>"; };
		2E9D10DF19B757420093D950 /* Base */ = {isa = PBXFileReference; lastKnownFileType = file.storyboard; name = Base; path = Base.lproj/Main.storyboard; sourceTree = "<group>"; };
		2E9D10E119B757420093D950 /* Images.xcassets */ = {isa = PBXFileReference; lastKnownFileType = folder.assetcatalog; path = Images.xcassets; sourceTree = "<group>"; };
		2E9D10E719B757420093D950 /* SortDemoTests.xctest */ = {isa = PBXFileReference; explicitFileType = wrapper.cfbundle; includeInIndex = 0; path = SortDemoTests.xctest; sourceTree = BUILT_PRODUCTS_DIR; };
		2E9D10EC19B757420093D950 /* Info.plist */ = {isa = PBXFileReference; lastKnownFileType = text.plist.xml; path = Info.plist; sourceTree = "<group>"; };
		2E9D10ED19B757420093D950 /* SortDemoTests.m */ = {isa = PBXFileReference; lastKnownFileType = sourcecode.c.objc; path = SortDemoTests.m; sourceTree = "<group>"; };
		2E9D10FA19B7578F0093D950 /* BubbleSort.h */ = {isa = PBXFileReference; fileEncoding = 4; lastKnownFileType = sourcecode.c.h; path = BubbleSort.h; sourceTree = "<group>"; };
		2E9D10FB19B7578F0093D950 /* BubbleSort.m */ = {isa = PBXFileReference; fileEncoding = 4; lastKnownFileType = sourcecode.c.objc; path = BubbleSort.m; sourceTree = "<group>"; };
		2E9D10FD19B757B00093D950 /* Headers.h */ = {isa = PBXFileReference; lastKnownFileType = sourcecode.c.h; path = Headers.h; sourceTree = "<group>"; };
		2E9D10FE19B75A0A0093D950 /* SortBase.h */ = {isa = PBXFileReference; fileEncoding = 4; lastKnownFileType = sourcecode.c.h; path = SortBase.h; sourceTree = "<group>"; };
		2E9D10FF19B75A0A0093D950 /* SortBase.m */ = {isa = PBXFileReference; fileEncoding = 4; lastKnownFileType = sourcecode.c.objc; path = SortBase.m; sourceTree = "<group>"; };
		2E9D110119B767D40093D950 /* QuickSort.h */ = {isa = PBXFileReference; fileEncoding = 4; lastKnownFileType = sourcecode.c.h; path = QuickSort.h; sourceTree = "<group>"; };
		2E9D110219B767D40093D950 /* QuickSort.m */ = {isa = PBXFileReference; fileEncoding = 4; lastKnownFileType = sourcecode.c.objc; path = QuickSort.m; sourceTree = "<group>"; };
		46FE39A119B9644900BAE200 /* InsertSort.h */ = {isa = PBXFileReference; fileEncoding = 4; lastKnownFileType = sourcecode.c.h; path = InsertSort.h; sourceTree = "<group>"; };
		46FE39A219B9644900BAE200 /* InsertSort.m */ = {isa = PBXFileReference; fileEncoding = 4; lastKnownFileType = sourcecode.c.objc; path = InsertSort.m; sourceTree = "<group>"; };
/* End PBXFileReference section */

/* Begin PBXFrameworksBuildPhase section */
		2E9D10CE19B757420093D950 /* Frameworks */ = {
			isa = PBXFrameworksBuildPhase;
			buildActionMask = 2147483647;
			files = (
			);
			runOnlyForDeploymentPostprocessing = 0;
		};
		2E9D10E419B757420093D950 /* Frameworks */ = {
			isa = PBXFrameworksBuildPhase;
			buildActionMask = 2147483647;
			files = (
			);
			runOnlyForDeploymentPostprocessing = 0;
		};
/* End PBXFrameworksBuildPhase section */

/* Begin PBXGroup section */
		2E9D10C819B757420093D950 = {
			isa = PBXGroup;
			children = (
				2E9D10D319B757420093D950 /* SortDemo */,
				2E9D10EA19B757420093D950 /* SortDemoTests */,
				2E9D10D219B757420093D950 /* Products */,
			);
			sourceTree = "<group>";
		};
		2E9D10D219B757420093D950 /* Products */ = {
			isa = PBXGroup;
			children = (
				2E9D10D119B757420093D950 /* SortDemo.app */,
				2E9D10E719B757420093D950 /* SortDemoTests.xctest */,
			);
			name = Products;
			sourceTree = "<group>";
		};
		2E9D10D319B757420093D950 /* SortDemo */ = {
			isa = PBXGroup;
			children = (
				2E9D10F719B757470093D950 /* Sort */,
				2E9D10D819B757420093D950 /* AppDelegate.h */,
				2E9D10D919B757420093D950 /* AppDelegate.m */,
				2E9D10DB19B757420093D950 /* ViewController.h */,
				2E9D10DC19B757420093D950 /* ViewController.m */,
				2E9D10DE19B757420093D950 /* Main.storyboard */,
				2E9D10E119B757420093D950 /* Images.xcassets */,
				2E9D10D419B757420093D950 /* Supporting Files */,
			);
			path = SortDemo;
			sourceTree = "<group>";
		};
		2E9D10D419B757420093D950 /* Supporting Files */ = {
			isa = PBXGroup;
			children = (
				2E9D10D519B757420093D950 /* Info.plist */,
				2E9D10D619B757420093D950 /* main.m */,
			);
			name = "Supporting Files";
			sourceTree = "<group>";
		};
		2E9D10EA19B757420093D950 /* SortDemoTests */ = {
			isa = PBXGroup;
			children = (
				2E9D10ED19B757420093D950 /* SortDemoTests.m */,
				2E9D10EB19B757420093D950 /* Supporting Files */,
			);
			path = SortDemoTests;
			sourceTree = "<group>";
		};
		2E9D10EB19B757420093D950 /* Supporting Files */ = {
			isa = PBXGroup;
			children = (
				2E9D10EC19B757420093D950 /* Info.plist */,
			);
			name = "Supporting Files";
			sourceTree = "<group>";
		};
		2E9D10F719B757470093D950 /* Sort */ = {
			isa = PBXGroup;
			children = (
				2E9D10FD19B757B00093D950 /* Headers.h */,
				2E9D10FE19B75A0A0093D950 /* SortBase.h */,
				2E9D10FF19B75A0A0093D950 /* SortBase.m */,
				2E9D10FA19B7578F0093D950 /* BubbleSort.h */,
				2E9D10FB19B7578F0093D950 /* BubbleSort.m */,
				2E9D110119B767D40093D950 /* QuickSort.h */,
				2E9D110219B767D40093D950 /* QuickSort.m */,
				2E7C5B8619B8C96F002B8AAB /* SelectSort.h */,
				2E7C5B8719B8C96F002B8AAB /* SelectSort.m */,
				46FE39A119B9644900BAE200 /* InsertSort.h */,
				46FE39A219B9644900BAE200 /* InsertSort.m */,
			);
			name = Sort;
			sourceTree = "<group>";
		};
/* End PBXGroup section */

/* Begin PBXNativeTarget section */
		2E9D10D019B757420093D950 /* SortDemo */ = {
			isa = PBXNativeTarget;
			buildConfigurationList = 2E9D10F119B757420093D950 /* Build configuration list for PBXNativeTarget "SortDemo" */;
			buildPhases = (
				2E9D10CD19B757420093D950 /* Sources */,
				2E9D10CE19B757420093D950 /* Frameworks */,
				2E9D10CF19B757420093D950 /* Resources */,
			);
			buildRules = (
			);
			dependencies = (
			);
			name = SortDemo;
			productName = SortDemo;
			productReference = 2E9D10D119B757420093D950 /* SortDemo.app */;
			productType = "com.apple.product-type.application";
		};
		2E9D10E619B757420093D950 /* SortDemoTests */ = {
			isa = PBXNativeTarget;
			buildConfigurationList = 2E9D10F419B757420093D950 /* Build configuration list for PBXNativeTarget "SortDemoTests" */;
			buildPhases = (
				2E9D10E319B757420093D950 /* Sources */,
				2E9D10E419B757420093D950 /* Frameworks */,
				2E9D10E519B757420093D950 /* Resources */,
			);
			buildRules = (
			);
			dependencies = (
				2E9D10E919B757420093D950 /* PBXTargetDependency */,
			);
			name = SortDemoTests;
			productName = SortDemoTests;
			productReference = 2E9D10E719B757420093D950 /* SortDemoTests.xctest */;
			productType = "com.apple.product-type.bundle.unit-test";
		};
/* End PBXNativeTarget section */

/* Begin PBXProject section */
		2E9D10C919B757420093D950 /* Project object */ = {
			isa = PBXProject;
			attributes = {
				LastUpgradeCheck = 0600;
				ORGANIZATIONNAME = Acorld;
				TargetAttributes = {
					2E9D10D019B757420093D950 = {
						CreatedOnToolsVersion = 6.0;
					};
					2E9D10E619B757420093D950 = {
						CreatedOnToolsVersion = 6.0;
						TestTargetID = 2E9D10D019B757420093D950;
					};
				};
			};
			buildConfigurationList = 2E9D10CC19B757420093D950 /* Build configuration list for PBXProject "SortDemo" */;
			compatibilityVersion = "Xcode 3.2";
			developmentRegion = English;
			hasScannedForEncodings = 0;
			knownRegions = (
				en,
				Base,
			);
			mainGroup = 2E9D10C819B757420093D950;
			productRefGroup = 2E9D10D219B757420093D950 /* Products */;
			projectDirPath = "";
			projectRoot = "";
			targets = (
				2E9D10D019B757420093D950 /* SortDemo */,
				2E9D10E619B757420093D950 /* SortDemoTests */,
			);
		};
/* End PBXProject section */

/* Begin PBXResourcesBuildPhase section */
		2E9D10CF19B757420093D950 /* Resources */ = {
			isa = PBXResourcesBuildPhase;
			buildActionMask = 2147483647;
			files = (
				2E9D10E019B757420093D950 /* Main.storyboard in Resources */,
				2E9D10E219B757420093D950 /* Images.xcassets in Resources */,
			);
			runOnlyForDeploymentPostprocessing = 0;
		};
		2E9D10E519B757420093D950 /* Resources */ = {
			isa = PBXResourcesBuildPhase;
			buildActionMask = 2147483647;
			files = (
			);
			runOnlyForDeploymentPostprocessing = 0;
		};
/* End PBXResourcesBuildPhase section */

/* Begin PBXSourcesBuildPhase section */
		2E9D10CD19B757420093D950 /* Sources */ = {
			isa = PBXSourcesBuildPhase;
			buildActionMask = 2147483647;
			files = (
				2E9D10DD19B757420093D950 /* ViewController.m in Sources */,
				2E9D110319B767D40093D950 /* QuickSort.m in Sources */,
				2E7C5B8819B8C96F002B8AAB /* SelectSort.m in Sources */,
				2E9D10DA19B757420093D950 /* AppDelegate.m in Sources */,
				46FE39A319B9644900BAE200 /* InsertSort.m in Sources */,
				2E9D10D719B757420093D950 /* main.m in Sources */,
				2E9D110019B75A0A0093D950 /* SortBase.m in Sources */,
				2E9D10FC19B7578F0093D950 /* BubbleSort.m in Sources */,
			);
			runOnlyForDeploymentPostprocessing = 0;
		};
		2E9D10E319B757420093D950 /* Sources */ = {
			isa = PBXSourcesBuildPhase;
			buildActionMask = 2147483647;
			files = (
				2E9D10EE19B757420093D950 /* SortDemoTests.m in Sources */,
			);
			runOnlyForDeploymentPostprocessing = 0;
		};
/* End PBXSourcesBuildPhase section */

/* Begin PBXTargetDependency section */
		2E9D10E919B757420093D950 /* PBXTargetDependency */ = {
			isa = PBXTargetDependency;
			target = 2E9D10D019B757420093D950 /* SortDemo */;
			targetProxy = 2E9D10E819B757420093D950 /* PBXContainerItemProxy */;
		};
/* End PBXTargetDependency section */

/* Begin PBXVariantGroup section */
		2E9D10DE19B757420093D950 /* Main.storyboard */ = {
			isa = PBXVariantGroup;
			children = (
				2E9D10DF19B757420093D950 /* Base */,
			);
			name = Main.storyboard;
			sourceTree = "<group>";
		};
/* End PBXVariantGroup section */

/* Begin XCBuildConfiguration section */
		2E9D10EF19B757420093D950 /* Debug */ = {
			isa = XCBuildConfiguration;
			buildSettings = {
				ALWAYS_SEARCH_USER_PATHS = NO;
				CLANG_CXX_LANGUAGE_STANDARD = "gnu++0x";
				CLANG_CXX_LIBRARY = "libc++";
				CLANG_ENABLE_MODULES = YES;
				CLANG_ENABLE_OBJC_ARC = YES;
				CLANG_WARN_BOOL_CONVERSION = YES;
				CLANG_WARN_CONSTANT_CONVERSION = YES;
				CLANG_WARN_DIRECT_OBJC_ISA_USAGE = YES_ERROR;
				CLANG_WARN_EMPTY_BODY = YES;
				CLANG_WARN_ENUM_CONVERSION = YES;
				CLANG_WARN_INT_CONVERSION = YES;
				CLANG_WARN_OBJC_ROOT_CLASS = YES_ERROR;
				CLANG_WARN_UNREACHABLE_CODE = YES;
				CLANG_WARN__DUPLICATE_METHOD_MATCH = YES;
				"CODE_SIGN_IDENTITY[sdk=iphoneos*]" = "iPhone Developer";
				COPY_PHASE_STRIP = NO;
				ENABLE_STRICT_OBJC_MSGSEND = YES;
				GCC_C_LANGUAGE_STANDARD = gnu99;
				GCC_DYNAMIC_NO_PIC = NO;
				GCC_OPTIMIZATION_LEVEL = 0;
				GCC_PREPROCESSOR_DEFINITIONS = (
					"DEBUG=1",
					"$(inherited)",
				);
				GCC_SYMBOLS_PRIVATE_EXTERN = NO;
				GCC_WARN_64_TO_32_BIT_CONVERSION = YES;
				GCC_WARN_ABOUT_RETURN_TYPE = YES_ERROR;
				GCC_WARN_UNDECLARED_SELECTOR = YES;
				GCC_WARN_UNINITIALIZED_AUTOS = YES_AGGRESSIVE;
				GCC_WARN_UNUSED_FUNCTION = YES;
				GCC_WARN_UNUSED_VARIABLE = YES;
				IPHONEOS_DEPLOYMENT_TARGET = 8.0;
				MTL_ENABLE_DEBUG_INFO = YES;
				ONLY_ACTIVE_ARCH = YES;
				SDKROOT = iphoneos;
			};
			name = Debug;
		};
		2E9D10F019B757420093D950 /* Release */ = {
			isa = XCBuildConfiguration;
			buildSettings = {
				ALWAYS_SEARCH_USER_PATHS = NO;
				CLANG_CXX_LANGUAGE_STANDARD = "gnu++0x";
				CLANG_CXX_LIBRARY = "libc++";
				CLANG_ENABLE_MODULES = YES;
				CLANG_ENABLE_OBJC_ARC = YES;
				CLANG_WARN_BOOL_CONVERSION = YES;
				CLANG_WARN_CONSTANT_CONVERSION = YES;
				CLANG_WARN_DIRECT_OBJC_ISA_USAGE = YES_ERROR;
				CLANG_WARN_EMPTY_BODY = YES;
				CLANG_WARN_ENUM_CONVERSION = YES;
				CLANG_WARN_INT_CONVERSION = YES;
				CLANG_WARN_OBJC_ROOT_CLASS = YES_ERROR;
				CLANG_WARN_UNREACHABLE_CODE = YES;
				CLANG_WARN__DUPLICATE_METHOD_MATCH = YES;
				"CODE_SIGN_IDENTITY[sdk=iphoneos*]" = "iPhone Developer";
				COPY_PHASE_STRIP = YES;
				ENABLE_NS_ASSERTIONS = NO;
				ENABLE_STRICT_OBJC_MSGSEND = YES;
				GCC_C_LANGUAGE_STANDARD = gnu99;
				GCC_WARN_64_TO_32_BIT_CONVERSION = YES;
				GCC_WARN_ABOUT_RETURN_TYPE = YES_ERROR;
				GCC_WARN_UNDECLARED_SELECTOR = YES;
				GCC_WARN_UNINITIALIZED_AUTOS = YES_AGGRESSIVE;
				GCC_WARN_UNUSED_FUNCTION = YES;
				GCC_WARN_UNUSED_VARIABLE = YES;
				IPHONEOS_DEPLOYMENT_TARGET = 8.0;
				MTL_ENABLE_DEBUG_INFO = NO;
				SDKROOT = iphoneos;
				VALIDATE_PRODUCT = YES;
			};
			name = Release;
		};
		2E9D10F219B757420093D950 /* Debug */ = {
			isa = XCBuildConfiguration;
			buildSettings = {
				ARCHS = (
					"$(ARCHS_STANDARD)",
					"$(ARCHS_STANDARD_32_BIT)",
				);
				ASSETCATALOG_COMPILER_APPICON_NAME = AppIcon;
				ASSETCATALOG_COMPILER_LAUNCHIMAGE_NAME = LaunchImage;
				INFOPLIST_FILE = SortDemo/Info.plist;
				IPHONEOS_DEPLOYMENT_TARGET = 7.0;
				LD_RUNPATH_SEARCH_PATHS = "$(inherited) @executable_path/Frameworks";
				PRODUCT_NAME = "$(TARGET_NAME)";
			};
			name = Debug;
		};
		2E9D10F319B757420093D950 /* Release */ = {
			isa = XCBuildConfiguration;
			buildSettings = {
				ARCHS = (
					"$(ARCHS_STANDARD)",
					"$(ARCHS_STANDARD_32_BIT)",
				);
				ASSETCATALOG_COMPILER_APPICON_NAME = AppIcon;
				ASSETCATALOG_COMPILER_LAUNCHIMAGE_NAME = LaunchImage;
				INFOPLIST_FILE = SortDemo/Info.plist;
				IPHONEOS_DEPLOYMENT_TARGET = 7.0;
				LD_RUNPATH_SEARCH_PATHS = "$(inherited) @executable_path/Frameworks";
				PRODUCT_NAME = "$(TARGET_NAME)";
			};
			name = Release;
		};
		2E9D10F519B757420093D950 /* Debug */ = {
			isa = XCBuildConfiguration;
			buildSettings = {
				BUNDLE_LOADER = "$(TEST_HOST)";
				FRAMEWORK_SEARCH_PATHS = (
					"$(SDKROOT)/Developer/Library/Frameworks",
					"$(inherited)",
				);
				GCC_PREPROCESSOR_DEFINITIONS = (
					"DEBUG=1",
					"$(inherited)",
				);
				INFOPLIST_FILE = SortDemoTests/Info.plist;
				IPHONEOS_DEPLOYMENT_TARGET = 7.1;
				LD_RUNPATH_SEARCH_PATHS = "$(inherited) @executable_path/Frameworks @loader_path/Frameworks";
				PRODUCT_NAME = "$(TARGET_NAME)";
				TEST_HOST = "$(BUILT_PRODUCTS_DIR)/SortDemo.app/SortDemo";
			};
			name = Debug;
		};
		2E9D10F619B757420093D950 /* Release */ = {
			isa = XCBuildConfiguration;
			buildSettings = {
				BUNDLE_LOADER = "$(TEST_HOST)";
				FRAMEWORK_SEARCH_PATHS = (
					"$(SDKROOT)/Developer/Library/Frameworks",
					"$(inherited)",
				);
				INFOPLIST_FILE = SortDemoTests/Info.plist;
				IPHONEOS_DEPLOYMENT_TARGET = 7.1;
				LD_RUNPATH_SEARCH_PATHS = "$(inherited) @executable_path/Frameworks @loader_path/Frameworks";
				PRODUCT_NAME = "$(TARGET_NAME)";
				TEST_HOST = "$(BUILT_PRODUCTS_DIR)/SortDemo.app/SortDemo";
			};
			name = Release;
		};
/* End XCBuildConfiguration section */

/* Begin XCConfigurationList section */
		2E9D10CC19B757420093D950 /* Build configuration list for PBXProject "SortDemo" */ = {
			isa = XCConfigurationList;
			buildConfigurations = (
				2E9D10EF19B757420093D950 /* Debug */,
				2E9D10F019B757420093D950 /* Release */,
			);
			defaultConfigurationIsVisible = 0;
			defaultConfigurationName = Release;
		};
		2E9D10F119B757420093D950 /* Build configuration list for PBXNativeTarget "SortDemo" */ = {
			isa = XCConfigurationList;
			buildConfigurations = (
				2E9D10F219B757420093D950 /* Debug */,
				2E9D10F319B757420093D950 /* Release */,
			);
			defaultConfigurationIsVisible = 0;
			defaultConfigurationName = Release;
		};
		2E9D10F419B757420093D950 /* Build configuration list for PBXNativeTarget "SortDemoTests" */ = {
			isa = XCConfigurationList;
			buildConfigurations = (
				2E9D10F519B757420093D950 /* Debug */,
				2E9D10F619B757420093D950 /* Release */,
			);
			defaultConfigurationIsVisible = 0;
			defaultConfigurationName = Release;
		};
/* End XCConfigurationList section */
	};
	rootObject = 2E9D10C919B757420093D950 /* Project object */;
}
